
Microsoft Visual Studio Solution File, Format Version 12.00
# Visual Studio Version 16
VisualStudioVersion = 16.0.28803.352
MinimumVisualStudioVersion = 10.0.40219.1
Project("{FAE04EC0-301F-11D3-BF4B-00C04F79EFBC}") = "OverlayImage_Example", "OverlayImage_Example\OverlayImage_Example.csproj", "{317D74C7-59F1-4656-9504-E9BFCFB61D58}"
EndProject
Global
	GlobalSection(SolutionConfigurationPlatforms) = preSolution
		Debug|Any CPU = Debug|Any CPU
		Release|Any CPU = Release|Any CPU
	EndGlobalSection
	GlobalSection(ProjectConfigurationPlatforms) = postSolution
		{317D74C7-59F1-4656-9504-E9BFCFB61D58}.Debug|Any CPU.ActiveCfg = Debug|Any CPU
		{317D74C7-59F1-4656-9504-E9BFCFB61D58}.Debug|Any CPU.Build.0 = Debug|Any CPU
		{317D74C7-59F1-4656-9504-E9BFCFB61D58}.Release|Any CPU.ActiveCfg = Release|Any CPU
		{317D74C7-59F1-4656-9504-E9BFCFB61D58}.Release|Any CPU.Build.0 = Release|Any CPU
	EndGlobalSection
	GlobalSection(SolutionProperties) = preSolution
		HideSolutionNode = FALSE
	EndGlobalSection
	GlobalSection(ExtensibilityGlobals) = postSolution
		SolutionGuid = {2FB222FC-0CC5-4AA9-B7D2-FB39709C95B1}
	EndGlobalSection
EndGlobal
